# This file was autogenerated by Stack.
# You should not edit this file by hand.
# For more information, please see the documentation at:
#   https://docs.haskellstack.org/en/stable/topics/lock_files

packages:
- completed:
    hackage: sbv-12.0@sha256:91e8297e444e43921d5a628408d5469894bbe3616c5236a6ebaae5e2a0650e8a,25606
    pantry-tree:
      sha256: 8e0feaff1d152467ac4641c3a9e6b82ee5e3741121d41ca06f4a393ffcb52715
      size: 77084
  original:
    hackage: sbv-12.0
snapshots:
- completed:
    sha256: 069c8189232279d04bd107557d3a62132c04ae5ce3c710649e6b40f67f10b9d5
    size: 684285
    url: https://raw.githubusercontent.com/commercialhaskell/stackage-snapshots/master/lts/23/27.yaml
  original: lts-23.27
