# This file was autogenerated by Stack.
# You should not edit this file by hand.
# For more information, please see the documentation at:
#   https://docs.haskellstack.org/en/stable/lock_files

packages:
- completed:
    hackage: tasty-test-reporter-0.1.1.4@sha256:22acd61058a9aa6fafeb742051347f22f1bac8658ad285bc2eb65b86173a1bc2,1765
    pantry-tree:
      sha256: 7d309686e6b362e904a2b49b7513307be54381690ca7472e926f73fd08a8353b
      size: 411
  original:
    hackage: tasty-test-reporter-0.1.1.4
snapshots:
- completed:
    sha256: 0ce5b34f94d7dda9e8c00cc04aa4554818d293861038bbc83fbc8ffb7c7207b3
    size: 558543
    url: https://raw.githubusercontent.com/commercialhaskell/stackage-snapshots/master/nightly/2022/12/8.yaml
  original:
    url: https://raw.githubusercontent.com/commercialhaskell/stackage-snapshots/master/nightly/2022/12/8.yaml
