# This file was autogenerated by Stack.
# You should not edit this file by hand.
# For more information, please see the documentation at:
#   https://docs.haskellstack.org/en/stable/topics/lock_files

packages: []
snapshots:
- completed:
    sha256: bcbc80a081dbf9d701bb8c46f0212b251acbe6cf64332e6e3c8b108c13794841
    size: 685947
    url: https://raw.githubusercontent.com/commercialhaskell/stackage-snapshots/master/nightly/2025/5/5.yaml
  original: nightly-2025-05-05
