# This file was autogenerated by Stack.
# You should not edit this file by hand.
# For more information, please see the documentation at:
#   https://docs.haskellstack.org/en/stable/lock_files

packages: []
snapshots:
- completed:
    sha256: 90719ee9e630cf0535cc349cb35e007cec11db9462d598be78cf8ecbabd12c6c
    size: 679061
    url: https://raw.githubusercontent.com/commercialhaskell/stackage-snapshots/master/lts/23/2.yaml
  original: lts-23.2
