# This file was autogenerated by Stack.
# You should not edit this file by hand.
# For more information, please see the documentation at:
#   https://docs.haskellstack.org/en/stable/lock_files

packages: []
snapshots:
- completed:
    sha256: f9eb332314d990b84f87251880b07042e8f18ff75652504ee7797e2a0b9152cb
    size: 624258
    url: https://raw.githubusercontent.com/commercialhaskell/stackage-snapshots/master/nightly/2024/4/7.yaml
  original: nightly-2024-04-07
