# This file was autogenerated by Stack.
# You should not edit this file by hand.
# For more information, please see the documentation at:
#   https://docs.haskellstack.org/en/stable/topics/lock_files

packages: []
snapshots:
- completed:
    sha256: 1e879c64480ca43c6b796e6d48f64fa07072cbed80c1b802b48db3265510df50
    size: 722394
    url: https://raw.githubusercontent.com/commercialhaskell/stackage-snapshots/master/nightly/2025/7/3.yaml
  original: nightly-2025-07-03
