# This file was autogenerated by Stack.
# You should not edit this file by hand.
# For more information, please see the documentation at:
#   https://docs.haskellstack.org/en/stable/lock_files

packages:
- completed:
    commit: ca5b7865008d812db66a923ca72103de1eb7ceba
    git: https://github.com/lsrcz/sbv.git
    name: sbv
    pantry-tree:
      sha256: 498cd42ce9d1a58be44a3ad8c51ee16b7727a0418ac5fe907e74e6bc5350fa49
      size: 73472
    version: '10.10'
  original:
    commit: ca5b7865008d812db66a923ca72103de1eb7ceba
    git: https://github.com/lsrcz/sbv.git
snapshots:
- completed:
    sha256: 629fdd46125079fa6d355106005b2ab88bd39332169dd416fda06d5c0aaa63e2
    size: 713332
    url: https://raw.githubusercontent.com/commercialhaskell/stackage-snapshots/master/lts/22/17.yaml
  original: lts-22.17
