# This file was autogenerated by Stack.
# You should not edit this file by hand.
# For more information, please see the documentation at:
#   https://docs.haskellstack.org/en/stable/lock_files

packages: []
snapshots:
- completed:
    sha256: 5c7ae8619fe0a6b36ab11931ec13248f9731722d32da7f1baae982277e086d05
    size: 681591
    url: https://raw.githubusercontent.com/commercialhaskell/stackage-snapshots/master/nightly/2025/4/12.yaml
  original: nightly-2025-04-12
