# This file was autogenerated by Stack.
# You should not edit this file by hand.
# For more information, please see the documentation at:
#   https://docs.haskellstack.org/en/stable/lock_files

packages:
- completed:
    hackage: typerep-map-0.5.0.0@sha256:34f1ba9b268a6d52e26ae460011a5571e8099b50a3f4a7c8db25dd8efe3be8ee,4667
    pantry-tree:
      size: 1487
      sha256: ca5565de307d260dc67f6dae0d4d33eee42a3238183461569b5142ceb909c91d
  original:
    hackage: typerep-map-0.5.0.0@sha256:34f1ba9b268a6d52e26ae460011a5571e8099b50a3f4a7c8db25dd8efe3be8ee,4667
- completed:
    hackage: doctest-0.20.0@sha256:fd56edde124a92d42c42c74333f0ae74532329d15a6c63d578cbb51f4e7cfd34,7121
    pantry-tree:
      size: 8027
      sha256: 40c399bcd0046d5ac7894d0e781d3aa7f36552dd3d35426b4604d0d2c321dfb7
  original:
    hackage: doctest-0.20.0@sha256:fd56edde124a92d42c42c74333f0ae74532329d15a6c63d578cbb51f4e7cfd34,7121
- completed:
    hackage: hspec-junit-formatter-1.1.0.0@sha256:c2f453440fc526cfd8f880b67876ac64d6e0fa13c8e94722a86e7996882e8ed0,3825
    pantry-tree:
      size: 955
      sha256: 23789fad1b4c65150a29c6071fa47df58b7a36b9b6af818bb481f98b34fe6811
  original:
    hackage: hspec-junit-formatter-1.1.0.0
snapshots:
- completed:
    size: 619173
    url: https://raw.githubusercontent.com/commercialhaskell/stackage-snapshots/master/lts/19/20.yaml
    sha256: be747117bed6d462806c883352c3206325b23480825103f5c87884e97e52819a
  original:
    url: https://raw.githubusercontent.com/commercialhaskell/stackage-snapshots/master/lts/19/20.yaml
